
Microsoft Visual Studio Solution File, Format Version 12.00
# Visual Studio Version 16
VisualStudioVersion = 16.0.30330.147
MinimumVisualStudioVersion = 10.0.40219.1
Project("{9A19103F-16F7-4668-BE54-9A1E7A4F7556}") = "01.DefineAClassPerson", "01.DefineAClassPerson\01.DefineAClassPerson.csproj", "{A902DC70-F8F4-4654-85DD-2798BBF2A9B5}"
EndProject
Project("{9A19103F-16F7-4668-BE54-9A1E7A4F7556}") = "02.CreatingConstructors", "02.CreatingConstructors\02.CreatingConstructors.csproj", "{1AB25ECC-BD7F-4785-A6C8-0B529680CDD8}"
EndProject
Project("{9A19103F-16F7-4668-BE54-9A1E7A4F7556}") = "03.OldestFamilyMember", "03.OldestFamilyMember\03.OldestFamilyMember.csproj", "{4ABEA007-1DCB-4739-9B8E-8982E46F86CF}"
EndProject
Project("{9A19103F-16F7-4668-BE54-9A1E7A4F7556}") = "04.OpinionPoll", "04.OpinionPoll\04.OpinionPoll.csproj", "{5E8B5FBE-CA2D-4D10-AA3B-254237F8367E}"
EndProject
Project("{9A19103F-16F7-4668-BE54-9A1E7A4F7556}") = "05.DateModifier", "05.DateModifier\05.DateModifier.csproj", "{36C2C7D9-D994-4144-9127-216AEEE77ACD}"
EndProject
Project("{9A19103F-16F7-4668-BE54-9A1E7A4F7556}") = "06.SpeedRacing", "06.SpeedRacing\06.SpeedRacing.csproj", "{E688D75C-044A-42D1-A626-A38DEE395514}"
EndProject
Project("{9A19103F-16F7-4668-BE54-9A1E7A4F7556}") = "07.RawData", "07.RawData\07.RawData.csproj", "{2FBC8CF2-0411-462D-A980-AB5F111D2868}"
EndProject
Project("{FAE04EC0-301F-11D3-BF4B-00C04F79EFBC}") = "08.CarSalesman", "08.CarSalesman\08.CarSalesman.csproj", "{5F232461-96A5-4371-BF12-79AD8748C2C0}"
EndProject
Global
	GlobalSection(SolutionConfigurationPlatforms) = preSolution
		Debug|Any CPU = Debug|Any CPU
		Release|Any CPU = Release|Any CPU
	EndGlobalSection
	GlobalSection(ProjectConfigurationPlatforms) = postSolution
		{A902DC70-F8F4-4654-85DD-2798BBF2A9B5}.Debug|Any CPU.ActiveCfg = Debug|Any CPU
		{A902DC70-F8F4-4654-85DD-2798BBF2A9B5}.Debug|Any CPU.Build.0 = Debug|Any CPU
		{A902DC70-F8F4-4654-85DD-2798BBF2A9B5}.Release|Any CPU.ActiveCfg = Release|Any CPU
		{A902DC70-F8F4-4654-85DD-2798BBF2A9B5}.Release|Any CPU.Build.0 = Release|Any CPU
		{1AB25ECC-BD7F-4785-A6C8-0B529680CDD8}.Debug|Any CPU.ActiveCfg = Debug|Any CPU
		{1AB25ECC-BD7F-4785-A6C8-0B529680CDD8}.Debug|Any CPU.Build.0 = Debug|Any CPU
		{1AB25ECC-BD7F-4785-A6C8-0B529680CDD8}.Release|Any CPU.ActiveCfg = Release|Any CPU
		{1AB25ECC-BD7F-4785-A6C8-0B529680CDD8}.Release|Any CPU.Build.0 = Release|Any CPU
		{4ABEA007-1DCB-4739-9B8E-8982E46F86CF}.Debug|Any CPU.ActiveCfg = Debug|Any CPU
		{4ABEA007-1DCB-4739-9B8E-8982E46F86CF}.Debug|Any CPU.Build.0 = Debug|Any CPU
		{4ABEA007-1DCB-4739-9B8E-8982E46F86CF}.Release|Any CPU.ActiveCfg = Release|Any CPU
		{4ABEA007-1DCB-4739-9B8E-8982E46F86CF}.Release|Any CPU.Build.0 = Release|Any CPU
		{5E8B5FBE-CA2D-4D10-AA3B-254237F8367E}.Debug|Any CPU.ActiveCfg = Debug|Any CPU
		{5E8B5FBE-CA2D-4D10-AA3B-254237F8367E}.Debug|Any CPU.Build.0 = Debug|Any CPU
		{5E8B5FBE-CA2D-4D10-AA3B-254237F8367E}.Release|Any CPU.ActiveCfg = Release|Any CPU
		{5E8B5FBE-CA2D-4D10-AA3B-254237F8367E}.Release|Any CPU.Build.0 = Release|Any CPU
		{36C2C7D9-D994-4144-9127-216AEEE77ACD}.Debug|Any CPU.ActiveCfg = Debug|Any CPU
		{36C2C7D9-D994-4144-9127-216AEEE77ACD}.Debug|Any CPU.Build.0 = Debug|Any CPU
		{36C2C7D9-D994-4144-9127-216AEEE77ACD}.Release|Any CPU.ActiveCfg = Release|Any CPU
		{36C2C7D9-D994-4144-9127-216AEEE77ACD}.Release|Any CPU.Build.0 = Release|Any CPU
		{E688D75C-044A-42D1-A626-A38DEE395514}.Debug|Any CPU.ActiveCfg = Debug|Any CPU
		{E688D75C-044A-42D1-A626-A38DEE395514}.Debug|Any CPU.Build.0 = Debug|Any CPU
		{E688D75C-044A-42D1-A626-A38DEE395514}.Release|Any CPU.ActiveCfg = Release|Any CPU
		{E688D75C-044A-42D1-A626-A38DEE395514}.Release|Any CPU.Build.0 = Release|Any CPU
		{2FBC8CF2-0411-462D-A980-AB5F111D2868}.Debug|Any CPU.ActiveCfg = Debug|Any CPU
		{2FBC8CF2-0411-462D-A980-AB5F111D2868}.Debug|Any CPU.Build.0 = Debug|Any CPU
		{2FBC8CF2-0411-462D-A980-AB5F111D2868}.Release|Any CPU.ActiveCfg = Release|Any CPU
		{2FBC8CF2-0411-462D-A980-AB5F111D2868}.Release|Any CPU.Build.0 = Release|Any CPU
		{5F232461-96A5-4371-BF12-79AD8748C2C0}.Debug|Any CPU.ActiveCfg = Debug|Any CPU
		{5F232461-96A5-4371-BF12-79AD8748C2C0}.Debug|Any CPU.Build.0 = Debug|Any CPU
		{5F232461-96A5-4371-BF12-79AD8748C2C0}.Release|Any CPU.ActiveCfg = Release|Any CPU
		{5F232461-96A5-4371-BF12-79AD8748C2C0}.Release|Any CPU.Build.0 = Release|Any CPU
	EndGlobalSection
	GlobalSection(SolutionProperties) = preSolution
		HideSolutionNode = FALSE
	EndGlobalSection
	GlobalSection(ExtensibilityGlobals) = postSolution
		SolutionGuid = {A26F6662-326B-4193-B0FA-E123163A576F}
	EndGlobalSection
EndGlobal
