
Microsoft Visual Studio Solution File, Format Version 12.00
# Visual Studio Version 16
VisualStudioVersion = 16.0.30330.147
MinimumVisualStudioVersion = 10.0.40219.1
Project("{FAE04EC0-301F-11D3-BF4B-00C04F79EFBC}") = "01.BoxOfT", "01.BoxOfT\01.BoxOfT.csproj", "{C67C5173-D1FD-4284-9DF3-2DD090920844}"
EndProject
Project("{FAE04EC0-301F-11D3-BF4B-00C04F79EFBC}") = "02.GenericArrayCreator", "02.GenericArrayCreator\02.GenericArrayCreator.csproj", "{7601BC51-9A5E-4A22-9942-10F4B3E8E4E6}"
EndProject
Project("{FAE04EC0-301F-11D3-BF4B-00C04F79EFBC}") = "03.GenericScale", "03.GenericScale\03.GenericScale.csproj", "{8BF36BA4-FF74-4E0D-815E-730C28639B5F}"
EndProject
Global
	GlobalSection(SolutionConfigurationPlatforms) = preSolution
		Debug|Any CPU = Debug|Any CPU
		Release|Any CPU = Release|Any CPU
	EndGlobalSection
	GlobalSection(ProjectConfigurationPlatforms) = postSolution
		{C67C5173-D1FD-4284-9DF3-2DD090920844}.Debug|Any CPU.ActiveCfg = Debug|Any CPU
		{C67C5173-D1FD-4284-9DF3-2DD090920844}.Debug|Any CPU.Build.0 = Debug|Any CPU
		{C67C5173-D1FD-4284-9DF3-2DD090920844}.Release|Any CPU.ActiveCfg = Release|Any CPU
		{C67C5173-D1FD-4284-9DF3-2DD090920844}.Release|Any CPU.Build.0 = Release|Any CPU
		{7601BC51-9A5E-4A22-9942-10F4B3E8E4E6}.Debug|Any CPU.ActiveCfg = Debug|Any CPU
		{7601BC51-9A5E-4A22-9942-10F4B3E8E4E6}.Debug|Any CPU.Build.0 = Debug|Any CPU
		{7601BC51-9A5E-4A22-9942-10F4B3E8E4E6}.Release|Any CPU.ActiveCfg = Release|Any CPU
		{7601BC51-9A5E-4A22-9942-10F4B3E8E4E6}.Release|Any CPU.Build.0 = Release|Any CPU
		{8BF36BA4-FF74-4E0D-815E-730C28639B5F}.Debug|Any CPU.ActiveCfg = Debug|Any CPU
		{8BF36BA4-FF74-4E0D-815E-730C28639B5F}.Debug|Any CPU.Build.0 = Debug|Any CPU
		{8BF36BA4-FF74-4E0D-815E-730C28639B5F}.Release|Any CPU.ActiveCfg = Release|Any CPU
		{8BF36BA4-FF74-4E0D-815E-730C28639B5F}.Release|Any CPU.Build.0 = Release|Any CPU
	EndGlobalSection
	GlobalSection(SolutionProperties) = preSolution
		HideSolutionNode = FALSE
	EndGlobalSection
	GlobalSection(ExtensibilityGlobals) = postSolution
		SolutionGuid = {39B2990C-1007-4D7C-8F6D-E242E7E94497}
	EndGlobalSection
EndGlobal
