
Microsoft Visual Studio Solution File, Format Version 12.00
# Visual Studio Version 16
VisualStudioVersion = 16.0.30330.147
MinimumVisualStudioVersion = 10.0.40219.1
Project("{FAE04EC0-301F-11D3-BF4B-00C04F79EFBC}") = "01.Problem", "01.Problem\01.Problem.csproj", "{E5EB5D2E-6F3B-4C02-A042-3C54FF1EAE93}"
EndProject
Project("{FAE04EC0-301F-11D3-BF4B-00C04F79EFBC}") = "02.Problem", "02.Problem\02.Problem.csproj", "{A0BA10CE-1A5B-4495-BDED-A9FEE91444F8}"
EndProject
Project("{FAE04EC0-301F-11D3-BF4B-00C04F79EFBC}") = "03.Problem", "03.Problem\03.Problem.csproj", "{F0227160-B0B4-4812-97E7-CACC3DC43938}"
EndProject
Global
	GlobalSection(SolutionConfigurationPlatforms) = preSolution
		Debug|Any CPU = Debug|Any CPU
		Release|Any CPU = Release|Any CPU
	EndGlobalSection
	GlobalSection(ProjectConfigurationPlatforms) = postSolution
		{E5EB5D2E-6F3B-4C02-A042-3C54FF1EAE93}.Debug|Any CPU.ActiveCfg = Debug|Any CPU
		{E5EB5D2E-6F3B-4C02-A042-3C54FF1EAE93}.Debug|Any CPU.Build.0 = Debug|Any CPU
		{E5EB5D2E-6F3B-4C02-A042-3C54FF1EAE93}.Release|Any CPU.ActiveCfg = Release|Any CPU
		{E5EB5D2E-6F3B-4C02-A042-3C54FF1EAE93}.Release|Any CPU.Build.0 = Release|Any CPU
		{A0BA10CE-1A5B-4495-BDED-A9FEE91444F8}.Debug|Any CPU.ActiveCfg = Debug|Any CPU
		{A0BA10CE-1A5B-4495-BDED-A9FEE91444F8}.Debug|Any CPU.Build.0 = Debug|Any CPU
		{A0BA10CE-1A5B-4495-BDED-A9FEE91444F8}.Release|Any CPU.ActiveCfg = Release|Any CPU
		{A0BA10CE-1A5B-4495-BDED-A9FEE91444F8}.Release|Any CPU.Build.0 = Release|Any CPU
		{F0227160-B0B4-4812-97E7-CACC3DC43938}.Debug|Any CPU.ActiveCfg = Debug|Any CPU
		{F0227160-B0B4-4812-97E7-CACC3DC43938}.Debug|Any CPU.Build.0 = Debug|Any CPU
		{F0227160-B0B4-4812-97E7-CACC3DC43938}.Release|Any CPU.ActiveCfg = Release|Any CPU
		{F0227160-B0B4-4812-97E7-CACC3DC43938}.Release|Any CPU.Build.0 = Release|Any CPU
	EndGlobalSection
	GlobalSection(SolutionProperties) = preSolution
		HideSolutionNode = FALSE
	EndGlobalSection
	GlobalSection(ExtensibilityGlobals) = postSolution
		SolutionGuid = {6A1EF578-2CAD-4246-A05B-3CCF98FF5974}
	EndGlobalSection
EndGlobal
