
Microsoft Visual Studio Solution File, Format Version 12.00
# Visual Studio Version 16
VisualStudioVersion = 16.0.30330.147
MinimumVisualStudioVersion = 10.0.40219.1
Project("{FAE04EC0-301F-11D3-BF4B-00C04F79EFBC}") = "01.CompanyRoster", "01.CompanyRoster\01.CompanyRoster.csproj", "{2102B7AC-1C92-45B0-B7A3-B6DA25AA2A28}"
EndProject
Project("{FAE04EC0-301F-11D3-BF4B-00C04F79EFBC}") = "02.OldestFamilyMember", "02.OldestFamilyMember\02.OldestFamilyMember.csproj", "{327D474C-20EF-4156-B481-13839D211F3B}"
EndProject
Project("{FAE04EC0-301F-11D3-BF4B-00C04F79EFBC}") = "03.SpeedRacing", "03.SpeedRacing\03.SpeedRacing.csproj", "{4B4A823E-8ACF-428E-9A2A-21E89F5F08C6}"
EndProject
Project("{FAE04EC0-301F-11D3-BF4B-00C04F79EFBC}") = "04.RawData", "04.RawData\04.RawData.csproj", "{75CAAA7F-434D-4711-8C8C-FFF476F56AD1}"
EndProject
Project("{FAE04EC0-301F-11D3-BF4B-00C04F79EFBC}") = "05.ShoppingSpree", "05.ShoppingSpree\05.ShoppingSpree.csproj", "{0E81AFDF-25FA-4B9D-B8F5-F56B6FAB71C3}"
EndProject
Global
	GlobalSection(SolutionConfigurationPlatforms) = preSolution
		Debug|Any CPU = Debug|Any CPU
		Release|Any CPU = Release|Any CPU
	EndGlobalSection
	GlobalSection(ProjectConfigurationPlatforms) = postSolution
		{2102B7AC-1C92-45B0-B7A3-B6DA25AA2A28}.Debug|Any CPU.ActiveCfg = Debug|Any CPU
		{2102B7AC-1C92-45B0-B7A3-B6DA25AA2A28}.Debug|Any CPU.Build.0 = Debug|Any CPU
		{2102B7AC-1C92-45B0-B7A3-B6DA25AA2A28}.Release|Any CPU.ActiveCfg = Release|Any CPU
		{2102B7AC-1C92-45B0-B7A3-B6DA25AA2A28}.Release|Any CPU.Build.0 = Release|Any CPU
		{327D474C-20EF-4156-B481-13839D211F3B}.Debug|Any CPU.ActiveCfg = Debug|Any CPU
		{327D474C-20EF-4156-B481-13839D211F3B}.Debug|Any CPU.Build.0 = Debug|Any CPU
		{327D474C-20EF-4156-B481-13839D211F3B}.Release|Any CPU.ActiveCfg = Release|Any CPU
		{327D474C-20EF-4156-B481-13839D211F3B}.Release|Any CPU.Build.0 = Release|Any CPU
		{4B4A823E-8ACF-428E-9A2A-21E89F5F08C6}.Debug|Any CPU.ActiveCfg = Debug|Any CPU
		{4B4A823E-8ACF-428E-9A2A-21E89F5F08C6}.Debug|Any CPU.Build.0 = Debug|Any CPU
		{4B4A823E-8ACF-428E-9A2A-21E89F5F08C6}.Release|Any CPU.ActiveCfg = Release|Any CPU
		{4B4A823E-8ACF-428E-9A2A-21E89F5F08C6}.Release|Any CPU.Build.0 = Release|Any CPU
		{75CAAA7F-434D-4711-8C8C-FFF476F56AD1}.Debug|Any CPU.ActiveCfg = Debug|Any CPU
		{75CAAA7F-434D-4711-8C8C-FFF476F56AD1}.Debug|Any CPU.Build.0 = Debug|Any CPU
		{75CAAA7F-434D-4711-8C8C-FFF476F56AD1}.Release|Any CPU.ActiveCfg = Release|Any CPU
		{75CAAA7F-434D-4711-8C8C-FFF476F56AD1}.Release|Any CPU.Build.0 = Release|Any CPU
		{0E81AFDF-25FA-4B9D-B8F5-F56B6FAB71C3}.Debug|Any CPU.ActiveCfg = Debug|Any CPU
		{0E81AFDF-25FA-4B9D-B8F5-F56B6FAB71C3}.Debug|Any CPU.Build.0 = Debug|Any CPU
		{0E81AFDF-25FA-4B9D-B8F5-F56B6FAB71C3}.Release|Any CPU.ActiveCfg = Release|Any CPU
		{0E81AFDF-25FA-4B9D-B8F5-F56B6FAB71C3}.Release|Any CPU.Build.0 = Release|Any CPU
	EndGlobalSection
	GlobalSection(SolutionProperties) = preSolution
		HideSolutionNode = FALSE
	EndGlobalSection
	GlobalSection(ExtensibilityGlobals) = postSolution
		SolutionGuid = {AE79579A-D270-432C-9134-2A3F8E68189A}
	EndGlobalSection
EndGlobal
