
Microsoft Visual Studio Solution File, Format Version 12.00
# Visual Studio Version 16
VisualStudioVersion = 16.0.30330.147
MinimumVisualStudioVersion = 10.0.40219.1
Project("{9A19103F-16F7-4668-BE54-9A1E7A4F7556}") = "01.ActivationKeys", "01.ActivationKeys\01.ActivationKeys.csproj", "{A1336E14-9221-4C9F-AB70-FE110C667D02}"
EndProject
Project("{FAE04EC0-301F-11D3-BF4B-00C04F79EFBC}") = "02.EmojiDetector", "02.EmojiDetector\02.EmojiDetector.csproj", "{634E0BA7-BECE-40E0-8D51-835DB4B9C10F}"
EndProject
Project("{FAE04EC0-301F-11D3-BF4B-00C04F79EFBC}") = "03.P!rates", "03.P!rates\03.P!rates.csproj", "{046EEF50-A74D-4060-A5C9-6E98AA181177}"
EndProject
Project("{FAE04EC0-301F-11D3-BF4B-00C04F79EFBC}") = "01.PasswordReset", "01.PasswordReset\01.PasswordReset.csproj", "{9A6A7914-C972-4685-A413-1423FE9107C2}"
EndProject
Project("{FAE04EC0-301F-11D3-BF4B-00C04F79EFBC}") = "02.FancyBarcodes", "02.FancyBarcodes\02.FancyBarcodes.csproj", "{FBFC0B9D-934D-4F82-9C68-3B517AB61099}"
EndProject
Project("{FAE04EC0-301F-11D3-BF4B-00C04F79EFBC}") = "03.HeroesOfCodeAndLogic", "03.HeroesOfCodeAndLogic\03.HeroesOfCodeAndLogic.csproj", "{DA1A41CF-9796-4FDB-B874-9674FECD856A}"
EndProject
Global
	GlobalSection(SolutionConfigurationPlatforms) = preSolution
		Debug|Any CPU = Debug|Any CPU
		Release|Any CPU = Release|Any CPU
	EndGlobalSection
	GlobalSection(ProjectConfigurationPlatforms) = postSolution
		{A1336E14-9221-4C9F-AB70-FE110C667D02}.Debug|Any CPU.ActiveCfg = Debug|Any CPU
		{A1336E14-9221-4C9F-AB70-FE110C667D02}.Debug|Any CPU.Build.0 = Debug|Any CPU
		{A1336E14-9221-4C9F-AB70-FE110C667D02}.Release|Any CPU.ActiveCfg = Release|Any CPU
		{A1336E14-9221-4C9F-AB70-FE110C667D02}.Release|Any CPU.Build.0 = Release|Any CPU
		{634E0BA7-BECE-40E0-8D51-835DB4B9C10F}.Debug|Any CPU.ActiveCfg = Debug|Any CPU
		{634E0BA7-BECE-40E0-8D51-835DB4B9C10F}.Debug|Any CPU.Build.0 = Debug|Any CPU
		{634E0BA7-BECE-40E0-8D51-835DB4B9C10F}.Release|Any CPU.ActiveCfg = Release|Any CPU
		{634E0BA7-BECE-40E0-8D51-835DB4B9C10F}.Release|Any CPU.Build.0 = Release|Any CPU
		{046EEF50-A74D-4060-A5C9-6E98AA181177}.Debug|Any CPU.ActiveCfg = Debug|Any CPU
		{046EEF50-A74D-4060-A5C9-6E98AA181177}.Debug|Any CPU.Build.0 = Debug|Any CPU
		{046EEF50-A74D-4060-A5C9-6E98AA181177}.Release|Any CPU.ActiveCfg = Release|Any CPU
		{046EEF50-A74D-4060-A5C9-6E98AA181177}.Release|Any CPU.Build.0 = Release|Any CPU
		{9A6A7914-C972-4685-A413-1423FE9107C2}.Debug|Any CPU.ActiveCfg = Debug|Any CPU
		{9A6A7914-C972-4685-A413-1423FE9107C2}.Debug|Any CPU.Build.0 = Debug|Any CPU
		{9A6A7914-C972-4685-A413-1423FE9107C2}.Release|Any CPU.ActiveCfg = Release|Any CPU
		{9A6A7914-C972-4685-A413-1423FE9107C2}.Release|Any CPU.Build.0 = Release|Any CPU
		{FBFC0B9D-934D-4F82-9C68-3B517AB61099}.Debug|Any CPU.ActiveCfg = Debug|Any CPU
		{FBFC0B9D-934D-4F82-9C68-3B517AB61099}.Debug|Any CPU.Build.0 = Debug|Any CPU
		{FBFC0B9D-934D-4F82-9C68-3B517AB61099}.Release|Any CPU.ActiveCfg = Release|Any CPU
		{FBFC0B9D-934D-4F82-9C68-3B517AB61099}.Release|Any CPU.Build.0 = Release|Any CPU
		{DA1A41CF-9796-4FDB-B874-9674FECD856A}.Debug|Any CPU.ActiveCfg = Debug|Any CPU
		{DA1A41CF-9796-4FDB-B874-9674FECD856A}.Debug|Any CPU.Build.0 = Debug|Any CPU
		{DA1A41CF-9796-4FDB-B874-9674FECD856A}.Release|Any CPU.ActiveCfg = Release|Any CPU
		{DA1A41CF-9796-4FDB-B874-9674FECD856A}.Release|Any CPU.Build.0 = Release|Any CPU
	EndGlobalSection
	GlobalSection(SolutionProperties) = preSolution
		HideSolutionNode = FALSE
	EndGlobalSection
	GlobalSection(ExtensibilityGlobals) = postSolution
		SolutionGuid = {4C7D741F-29F4-4DA7-BC2A-E8DA7FE1A2B4}
	EndGlobalSection
EndGlobal
