
Microsoft Visual Studio Solution File, Format Version 12.00
# Visual Studio Version 16
VisualStudioVersion = 16.0.30330.147
MinimumVisualStudioVersion = 10.0.40219.1
Project("{9A19103F-16F7-4668-BE54-9A1E7A4F7556}") = "01.CookingMasterclass", "01.CookingMasterclass\01.CookingMasterclass.csproj", "{1011D239-31DB-496E-A047-231A5F6A9D62}"
EndProject
Project("{FAE04EC0-301F-11D3-BF4B-00C04F79EFBC}") = "02.Commands", "02.Commands\02.Commands.csproj", "{29653CE0-730F-4ED2-A974-31AE50E8F566}"
EndProject
Project("{FAE04EC0-301F-11D3-BF4B-00C04F79EFBC}") = "03.WarShips", "03.WarShips\03.WarShips.csproj", "{36D33833-3CB2-4DC8-B0ED-5CC02F841031}"
EndProject
Global
	GlobalSection(SolutionConfigurationPlatforms) = preSolution
		Debug|Any CPU = Debug|Any CPU
		Release|Any CPU = Release|Any CPU
	EndGlobalSection
	GlobalSection(ProjectConfigurationPlatforms) = postSolution
		{1011D239-31DB-496E-A047-231A5F6A9D62}.Debug|Any CPU.ActiveCfg = Debug|Any CPU
		{1011D239-31DB-496E-A047-231A5F6A9D62}.Debug|Any CPU.Build.0 = Debug|Any CPU
		{1011D239-31DB-496E-A047-231A5F6A9D62}.Release|Any CPU.ActiveCfg = Release|Any CPU
		{1011D239-31DB-496E-A047-231A5F6A9D62}.Release|Any CPU.Build.0 = Release|Any CPU
		{29653CE0-730F-4ED2-A974-31AE50E8F566}.Debug|Any CPU.ActiveCfg = Debug|Any CPU
		{29653CE0-730F-4ED2-A974-31AE50E8F566}.Debug|Any CPU.Build.0 = Debug|Any CPU
		{29653CE0-730F-4ED2-A974-31AE50E8F566}.Release|Any CPU.ActiveCfg = Release|Any CPU
		{29653CE0-730F-4ED2-A974-31AE50E8F566}.Release|Any CPU.Build.0 = Release|Any CPU
		{36D33833-3CB2-4DC8-B0ED-5CC02F841031}.Debug|Any CPU.ActiveCfg = Debug|Any CPU
		{36D33833-3CB2-4DC8-B0ED-5CC02F841031}.Debug|Any CPU.Build.0 = Debug|Any CPU
		{36D33833-3CB2-4DC8-B0ED-5CC02F841031}.Release|Any CPU.ActiveCfg = Release|Any CPU
		{36D33833-3CB2-4DC8-B0ED-5CC02F841031}.Release|Any CPU.Build.0 = Release|Any CPU
	EndGlobalSection
	GlobalSection(SolutionProperties) = preSolution
		HideSolutionNode = FALSE
	EndGlobalSection
	GlobalSection(ExtensibilityGlobals) = postSolution
		SolutionGuid = {857760B9-FC35-48DA-BEE1-26B56594D191}
	EndGlobalSection
EndGlobal
