
Microsoft Visual Studio Solution File, Format Version 12.00
# Visual Studio Version 16
VisualStudioVersion = 16.0.30330.147
MinimumVisualStudioVersion = 10.0.40219.1
Project("{9A19103F-16F7-4668-BE54-9A1E7A4F7556}") = "01.MatchFullName", "01.MatchFullName\01.MatchFullName.csproj", "{0CCBFE3D-B06A-4D0D-98CC-D79317929178}"
EndProject
Project("{FAE04EC0-301F-11D3-BF4B-00C04F79EFBC}") = "03.MatchDates", "03.MatchDates\03.MatchDates.csproj", "{60F12A0B-BB91-49C3-B9BE-9822E0CDEB6F}"
EndProject
Project("{FAE04EC0-301F-11D3-BF4B-00C04F79EFBC}") = "02.MatchPhoneNumber", "02.MatchPhoneNumber\02.MatchPhoneNumber.csproj", "{71BBC5D3-90E7-4C55-B4A3-DB4C321DE000}"
EndProject
Global
	GlobalSection(SolutionConfigurationPlatforms) = preSolution
		Debug|Any CPU = Debug|Any CPU
		Release|Any CPU = Release|Any CPU
	EndGlobalSection
	GlobalSection(ProjectConfigurationPlatforms) = postSolution
		{0CCBFE3D-B06A-4D0D-98CC-D79317929178}.Debug|Any CPU.ActiveCfg = Debug|Any CPU
		{0CCBFE3D-B06A-4D0D-98CC-D79317929178}.Debug|Any CPU.Build.0 = Debug|Any CPU
		{0CCBFE3D-B06A-4D0D-98CC-D79317929178}.Release|Any CPU.ActiveCfg = Release|Any CPU
		{0CCBFE3D-B06A-4D0D-98CC-D79317929178}.Release|Any CPU.Build.0 = Release|Any CPU
		{60F12A0B-BB91-49C3-B9BE-9822E0CDEB6F}.Debug|Any CPU.ActiveCfg = Debug|Any CPU
		{60F12A0B-BB91-49C3-B9BE-9822E0CDEB6F}.Debug|Any CPU.Build.0 = Debug|Any CPU
		{60F12A0B-BB91-49C3-B9BE-9822E0CDEB6F}.Release|Any CPU.ActiveCfg = Release|Any CPU
		{60F12A0B-BB91-49C3-B9BE-9822E0CDEB6F}.Release|Any CPU.Build.0 = Release|Any CPU
		{71BBC5D3-90E7-4C55-B4A3-DB4C321DE000}.Debug|Any CPU.ActiveCfg = Debug|Any CPU
		{71BBC5D3-90E7-4C55-B4A3-DB4C321DE000}.Debug|Any CPU.Build.0 = Debug|Any CPU
		{71BBC5D3-90E7-4C55-B4A3-DB4C321DE000}.Release|Any CPU.ActiveCfg = Release|Any CPU
		{71BBC5D3-90E7-4C55-B4A3-DB4C321DE000}.Release|Any CPU.Build.0 = Release|Any CPU
	EndGlobalSection
	GlobalSection(SolutionProperties) = preSolution
		HideSolutionNode = FALSE
	EndGlobalSection
	GlobalSection(ExtensibilityGlobals) = postSolution
		SolutionGuid = {679BA162-204F-4DA9-9873-AF1CB0271AFE}
	EndGlobalSection
EndGlobal
