
Microsoft Visual Studio Solution File, Format Version 12.00
# Visual Studio Version 16
VisualStudioVersion = 16.0.30330.147
MinimumVisualStudioVersion = 10.0.40219.1
Project("{9A19103F-16F7-4668-BE54-9A1E7A4F7556}") = "01.CountSameValuesInArray", "01.CountSameValuesInArray\01.CountSameValuesInArray.csproj", "{7C56858C-CD64-4196-8357-DDA228A3EC41}"
EndProject
Project("{9A19103F-16F7-4668-BE54-9A1E7A4F7556}") = "02.AverageStudentGrades", "02.AverageStudentGrades\02.AverageStudentGrades.csproj", "{723AEC92-4A4A-4DA5-AB99-DC18CFFB044E}"
EndProject
Project("{FAE04EC0-301F-11D3-BF4B-00C04F79EFBC}") = "03.ProductShop", "03.ProductShop\03.ProductShop.csproj", "{4CEBE60B-B68B-4AF8-ACD1-84E8050B42B5}"
EndProject
Project("{FAE04EC0-301F-11D3-BF4B-00C04F79EFBC}") = "04.CitiesByContinentAndCountry", "04.CitiesByContinentAndCountry\04.CitiesByContinentAndCountry.csproj", "{F1DC5709-A173-48D9-9B0F-02F45A085D12}"
EndProject
Project("{FAE04EC0-301F-11D3-BF4B-00C04F79EFBC}") = "05.RecordUniqueNames", "05.RecordUniqueNames\05.RecordUniqueNames.csproj", "{E0638D3E-28EC-4F54-92B3-772D6136A21E}"
EndProject
Global
	GlobalSection(SolutionConfigurationPlatforms) = preSolution
		Debug|Any CPU = Debug|Any CPU
		Release|Any CPU = Release|Any CPU
	EndGlobalSection
	GlobalSection(ProjectConfigurationPlatforms) = postSolution
		{7C56858C-CD64-4196-8357-DDA228A3EC41}.Debug|Any CPU.ActiveCfg = Debug|Any CPU
		{7C56858C-CD64-4196-8357-DDA228A3EC41}.Debug|Any CPU.Build.0 = Debug|Any CPU
		{7C56858C-CD64-4196-8357-DDA228A3EC41}.Release|Any CPU.ActiveCfg = Release|Any CPU
		{7C56858C-CD64-4196-8357-DDA228A3EC41}.Release|Any CPU.Build.0 = Release|Any CPU
		{723AEC92-4A4A-4DA5-AB99-DC18CFFB044E}.Debug|Any CPU.ActiveCfg = Debug|Any CPU
		{723AEC92-4A4A-4DA5-AB99-DC18CFFB044E}.Debug|Any CPU.Build.0 = Debug|Any CPU
		{723AEC92-4A4A-4DA5-AB99-DC18CFFB044E}.Release|Any CPU.ActiveCfg = Release|Any CPU
		{723AEC92-4A4A-4DA5-AB99-DC18CFFB044E}.Release|Any CPU.Build.0 = Release|Any CPU
		{4CEBE60B-B68B-4AF8-ACD1-84E8050B42B5}.Debug|Any CPU.ActiveCfg = Debug|Any CPU
		{4CEBE60B-B68B-4AF8-ACD1-84E8050B42B5}.Debug|Any CPU.Build.0 = Debug|Any CPU
		{4CEBE60B-B68B-4AF8-ACD1-84E8050B42B5}.Release|Any CPU.ActiveCfg = Release|Any CPU
		{4CEBE60B-B68B-4AF8-ACD1-84E8050B42B5}.Release|Any CPU.Build.0 = Release|Any CPU
		{F1DC5709-A173-48D9-9B0F-02F45A085D12}.Debug|Any CPU.ActiveCfg = Debug|Any CPU
		{F1DC5709-A173-48D9-9B0F-02F45A085D12}.Debug|Any CPU.Build.0 = Debug|Any CPU
		{F1DC5709-A173-48D9-9B0F-02F45A085D12}.Release|Any CPU.ActiveCfg = Release|Any CPU
		{F1DC5709-A173-48D9-9B0F-02F45A085D12}.Release|Any CPU.Build.0 = Release|Any CPU
		{E0638D3E-28EC-4F54-92B3-772D6136A21E}.Debug|Any CPU.ActiveCfg = Debug|Any CPU
		{E0638D3E-28EC-4F54-92B3-772D6136A21E}.Debug|Any CPU.Build.0 = Debug|Any CPU
		{E0638D3E-28EC-4F54-92B3-772D6136A21E}.Release|Any CPU.ActiveCfg = Release|Any CPU
		{E0638D3E-28EC-4F54-92B3-772D6136A21E}.Release|Any CPU.Build.0 = Release|Any CPU
	EndGlobalSection
	GlobalSection(SolutionProperties) = preSolution
		HideSolutionNode = FALSE
	EndGlobalSection
	GlobalSection(ExtensibilityGlobals) = postSolution
		SolutionGuid = {A4A9F35E-6558-4DCD-B537-39102A46AC61}
	EndGlobalSection
EndGlobal
