
Microsoft Visual Studio Solution File, Format Version 12.00
# Visual Studio Version 16
VisualStudioVersion = 16.0.30330.147
MinimumVisualStudioVersion = 10.0.40219.1
Project("{FAE04EC0-301F-11D3-BF4B-00C04F79EFBC}") = "MusicHub", "MusicHub\MusicHub.csproj", "{5D585F14-87B8-44AB-9C50-F17F571C1C7B}"
EndProject
Global
	GlobalSection(SolutionConfigurationPlatforms) = preSolution
		Debug|Any CPU = Debug|Any CPU
		Release|Any CPU = Release|Any CPU
	EndGlobalSection
	GlobalSection(ProjectConfigurationPlatforms) = postSolution
		{5D585F14-87B8-44AB-9C50-F17F571C1C7B}.Debug|Any CPU.ActiveCfg = Debug|Any CPU
		{5D585F14-87B8-44AB-9C50-F17F571C1C7B}.Debug|Any CPU.Build.0 = Debug|Any CPU
		{5D585F14-87B8-44AB-9C50-F17F571C1C7B}.Release|Any CPU.ActiveCfg = Release|Any CPU
		{5D585F14-87B8-44AB-9C50-F17F571C1C7B}.Release|Any CPU.Build.0 = Release|Any CPU
	EndGlobalSection
	GlobalSection(SolutionProperties) = preSolution
		HideSolutionNode = FALSE
	EndGlobalSection
	GlobalSection(ExtensibilityGlobals) = postSolution
		SolutionGuid = {D453B987-647B-4C1A-A399-483B781F8CC1}
	EndGlobalSection
EndGlobal
