
Microsoft Visual Studio Solution File, Format Version 12.00
# Visual Studio Version 16
VisualStudioVersion = 16.0.30330.147
MinimumVisualStudioVersion = 10.0.40219.1
Project("{FAE04EC0-301F-11D3-BF4B-00C04F79EFBC}") = "01.DataTypes", "01.DataTypes\01.DataTypes.csproj", "{BDAC3745-E60F-46DA-BD45-A75CF6F78E26}"
EndProject
Project("{FAE04EC0-301F-11D3-BF4B-00C04F79EFBC}") = "02.CenterPoint", "02.CenterPoint\02.CenterPoint.csproj", "{23CF0992-95DB-4A89-8EC6-B3563EB37A9E}"
EndProject
Project("{FAE04EC0-301F-11D3-BF4B-00C04F79EFBC}") = "03.LongerLine", "03.LongerLine\03.LongerLine.csproj", "{716F53A9-14F7-4DAB-BEE2-02D2D3162AC1}"
EndProject
Project("{FAE04EC0-301F-11D3-BF4B-00C04F79EFBC}") = "04.TribonacciSequence", "04.TribonacciSequence\04.TribonacciSequence.csproj", "{FC1F8DE9-FBCE-4BED-ABBC-99A4076E4564}"
EndProject
Project("{FAE04EC0-301F-11D3-BF4B-00C04F79EFBC}") = "05.MultiplicationSign", "05.MultiplicationSign\05.MultiplicationSign.csproj", "{A1006ED8-BD1A-4260-A2E9-2995B860ADFC}"
EndProject
Global
	GlobalSection(SolutionConfigurationPlatforms) = preSolution
		Debug|Any CPU = Debug|Any CPU
		Release|Any CPU = Release|Any CPU
	EndGlobalSection
	GlobalSection(ProjectConfigurationPlatforms) = postSolution
		{BDAC3745-E60F-46DA-BD45-A75CF6F78E26}.Debug|Any CPU.ActiveCfg = Debug|Any CPU
		{BDAC3745-E60F-46DA-BD45-A75CF6F78E26}.Debug|Any CPU.Build.0 = Debug|Any CPU
		{BDAC3745-E60F-46DA-BD45-A75CF6F78E26}.Release|Any CPU.ActiveCfg = Release|Any CPU
		{BDAC3745-E60F-46DA-BD45-A75CF6F78E26}.Release|Any CPU.Build.0 = Release|Any CPU
		{23CF0992-95DB-4A89-8EC6-B3563EB37A9E}.Debug|Any CPU.ActiveCfg = Debug|Any CPU
		{23CF0992-95DB-4A89-8EC6-B3563EB37A9E}.Debug|Any CPU.Build.0 = Debug|Any CPU
		{23CF0992-95DB-4A89-8EC6-B3563EB37A9E}.Release|Any CPU.ActiveCfg = Release|Any CPU
		{23CF0992-95DB-4A89-8EC6-B3563EB37A9E}.Release|Any CPU.Build.0 = Release|Any CPU
		{716F53A9-14F7-4DAB-BEE2-02D2D3162AC1}.Debug|Any CPU.ActiveCfg = Debug|Any CPU
		{716F53A9-14F7-4DAB-BEE2-02D2D3162AC1}.Debug|Any CPU.Build.0 = Debug|Any CPU
		{716F53A9-14F7-4DAB-BEE2-02D2D3162AC1}.Release|Any CPU.ActiveCfg = Release|Any CPU
		{716F53A9-14F7-4DAB-BEE2-02D2D3162AC1}.Release|Any CPU.Build.0 = Release|Any CPU
		{FC1F8DE9-FBCE-4BED-ABBC-99A4076E4564}.Debug|Any CPU.ActiveCfg = Debug|Any CPU
		{FC1F8DE9-FBCE-4BED-ABBC-99A4076E4564}.Debug|Any CPU.Build.0 = Debug|Any CPU
		{FC1F8DE9-FBCE-4BED-ABBC-99A4076E4564}.Release|Any CPU.ActiveCfg = Release|Any CPU
		{FC1F8DE9-FBCE-4BED-ABBC-99A4076E4564}.Release|Any CPU.Build.0 = Release|Any CPU
		{A1006ED8-BD1A-4260-A2E9-2995B860ADFC}.Debug|Any CPU.ActiveCfg = Debug|Any CPU
		{A1006ED8-BD1A-4260-A2E9-2995B860ADFC}.Debug|Any CPU.Build.0 = Debug|Any CPU
		{A1006ED8-BD1A-4260-A2E9-2995B860ADFC}.Release|Any CPU.ActiveCfg = Release|Any CPU
		{A1006ED8-BD1A-4260-A2E9-2995B860ADFC}.Release|Any CPU.Build.0 = Release|Any CPU
	EndGlobalSection
	GlobalSection(SolutionProperties) = preSolution
		HideSolutionNode = FALSE
	EndGlobalSection
	GlobalSection(ExtensibilityGlobals) = postSolution
		SolutionGuid = {101DD25C-7F06-45FD-8D8C-4E372AA0C3E4}
	EndGlobalSection
EndGlobal
