
Microsoft Visual Studio Solution File, Format Version 12.00
# Visual Studio Version 16
VisualStudioVersion = 16.0.30330.147
MinimumVisualStudioVersion = 10.0.40219.1
Project("{FAE04EC0-301F-11D3-BF4B-00C04F79EFBC}") = "01.Library", "01.Library\01.Library.csproj", "{9DD8BA87-CD14-4B0B-9568-B67DC3D38E12}"
EndProject
Project("{FAE04EC0-301F-11D3-BF4B-00C04F79EFBC}") = "IteratorsAndComparators", "IteratorsAndComparators\IteratorsAndComparators.csproj", "{E2DF254B-A0C4-4270-A9E9-8DEC108E9509}"
EndProject
Global
	GlobalSection(SolutionConfigurationPlatforms) = preSolution
		Debug|Any CPU = Debug|Any CPU
		Release|Any CPU = Release|Any CPU
	EndGlobalSection
	GlobalSection(ProjectConfigurationPlatforms) = postSolution
		{9DD8BA87-CD14-4B0B-9568-B67DC3D38E12}.Debug|Any CPU.ActiveCfg = Debug|Any CPU
		{9DD8BA87-CD14-4B0B-9568-B67DC3D38E12}.Debug|Any CPU.Build.0 = Debug|Any CPU
		{9DD8BA87-CD14-4B0B-9568-B67DC3D38E12}.Release|Any CPU.ActiveCfg = Release|Any CPU
		{9DD8BA87-CD14-4B0B-9568-B67DC3D38E12}.Release|Any CPU.Build.0 = Release|Any CPU
		{E2DF254B-A0C4-4270-A9E9-8DEC108E9509}.Debug|Any CPU.ActiveCfg = Debug|Any CPU
		{E2DF254B-A0C4-4270-A9E9-8DEC108E9509}.Debug|Any CPU.Build.0 = Debug|Any CPU
		{E2DF254B-A0C4-4270-A9E9-8DEC108E9509}.Release|Any CPU.ActiveCfg = Release|Any CPU
		{E2DF254B-A0C4-4270-A9E9-8DEC108E9509}.Release|Any CPU.Build.0 = Release|Any CPU
	EndGlobalSection
	GlobalSection(SolutionProperties) = preSolution
		HideSolutionNode = FALSE
	EndGlobalSection
	GlobalSection(ExtensibilityGlobals) = postSolution
		SolutionGuid = {9E1511DA-12CC-4D84-899D-AA07B98A5031}
	EndGlobalSection
EndGlobal
