
Microsoft Visual Studio Solution File, Format Version 12.00
# Visual Studio Version 16
VisualStudioVersion = 16.0.30330.147
MinimumVisualStudioVersion = 10.0.40219.1
Project("{FAE04EC0-301F-11D3-BF4B-00C04F79EFBC}") = "01.ReverseStrings", "01.ReverseStrings\01.ReverseStrings.csproj", "{B3B33C1F-2B92-405D-9B18-BB5380AD48EB}"
EndProject
Project("{FAE04EC0-301F-11D3-BF4B-00C04F79EFBC}") = "02.RepeatStrings", "02.RepeatStrings\02.RepeatStrings.csproj", "{B8FF5D07-E0CF-443D-AB17-CECBE74CC768}"
EndProject
Project("{FAE04EC0-301F-11D3-BF4B-00C04F79EFBC}") = "03.Substring", "03.Substring\03.Substring.csproj", "{EC247BE4-A44D-4D11-A100-6269F9872815}"
EndProject
Project("{FAE04EC0-301F-11D3-BF4B-00C04F79EFBC}") = "04.TextFilter", "04.TextFilter\04.TextFilter.csproj", "{6252564C-9BCB-462F-9584-E055A5CD9A4B}"
EndProject
Project("{FAE04EC0-301F-11D3-BF4B-00C04F79EFBC}") = "05.DigitsLettersAndOther", "05.DigitsLettersAndOther\05.DigitsLettersAndOther.csproj", "{F79402B1-D71A-4E79-83AB-DE638D3A0E6C}"
EndProject
Global
	GlobalSection(SolutionConfigurationPlatforms) = preSolution
		Debug|Any CPU = Debug|Any CPU
		Release|Any CPU = Release|Any CPU
	EndGlobalSection
	GlobalSection(ProjectConfigurationPlatforms) = postSolution
		{B3B33C1F-2B92-405D-9B18-BB5380AD48EB}.Debug|Any CPU.ActiveCfg = Debug|Any CPU
		{B3B33C1F-2B92-405D-9B18-BB5380AD48EB}.Debug|Any CPU.Build.0 = Debug|Any CPU
		{B3B33C1F-2B92-405D-9B18-BB5380AD48EB}.Release|Any CPU.ActiveCfg = Release|Any CPU
		{B3B33C1F-2B92-405D-9B18-BB5380AD48EB}.Release|Any CPU.Build.0 = Release|Any CPU
		{B8FF5D07-E0CF-443D-AB17-CECBE74CC768}.Debug|Any CPU.ActiveCfg = Debug|Any CPU
		{B8FF5D07-E0CF-443D-AB17-CECBE74CC768}.Debug|Any CPU.Build.0 = Debug|Any CPU
		{B8FF5D07-E0CF-443D-AB17-CECBE74CC768}.Release|Any CPU.ActiveCfg = Release|Any CPU
		{B8FF5D07-E0CF-443D-AB17-CECBE74CC768}.Release|Any CPU.Build.0 = Release|Any CPU
		{EC247BE4-A44D-4D11-A100-6269F9872815}.Debug|Any CPU.ActiveCfg = Debug|Any CPU
		{EC247BE4-A44D-4D11-A100-6269F9872815}.Debug|Any CPU.Build.0 = Debug|Any CPU
		{EC247BE4-A44D-4D11-A100-6269F9872815}.Release|Any CPU.ActiveCfg = Release|Any CPU
		{EC247BE4-A44D-4D11-A100-6269F9872815}.Release|Any CPU.Build.0 = Release|Any CPU
		{6252564C-9BCB-462F-9584-E055A5CD9A4B}.Debug|Any CPU.ActiveCfg = Debug|Any CPU
		{6252564C-9BCB-462F-9584-E055A5CD9A4B}.Debug|Any CPU.Build.0 = Debug|Any CPU
		{6252564C-9BCB-462F-9584-E055A5CD9A4B}.Release|Any CPU.ActiveCfg = Release|Any CPU
		{6252564C-9BCB-462F-9584-E055A5CD9A4B}.Release|Any CPU.Build.0 = Release|Any CPU
		{F79402B1-D71A-4E79-83AB-DE638D3A0E6C}.Debug|Any CPU.ActiveCfg = Debug|Any CPU
		{F79402B1-D71A-4E79-83AB-DE638D3A0E6C}.Debug|Any CPU.Build.0 = Debug|Any CPU
		{F79402B1-D71A-4E79-83AB-DE638D3A0E6C}.Release|Any CPU.ActiveCfg = Release|Any CPU
		{F79402B1-D71A-4E79-83AB-DE638D3A0E6C}.Release|Any CPU.Build.0 = Release|Any CPU
	EndGlobalSection
	GlobalSection(SolutionProperties) = preSolution
		HideSolutionNode = FALSE
	EndGlobalSection
	GlobalSection(ExtensibilityGlobals) = postSolution
		SolutionGuid = {A4E0AA3B-293C-4F67-9188-9D619FC5D2B5}
	EndGlobalSection
EndGlobal
