
Microsoft Visual Studio Solution File, Format Version 12.00
# Visual Studio Version 16
VisualStudioVersion = 16.0.30330.147
MinimumVisualStudioVersion = 10.0.40219.1
Project("{9A19103F-16F7-4668-BE54-9A1E7A4F7556}") = "01.BasicStackOperations", "01.BasicStackOperations\01.BasicStackOperations.csproj", "{A3364D1E-B22E-4C81-9FAE-3A63B8F718B9}"
EndProject
Project("{9A19103F-16F7-4668-BE54-9A1E7A4F7556}") = "02.BasicQueueOperations", "02.BasicQueueOperations\02.BasicQueueOperations.csproj", "{545B2747-1B42-4F5F-9C2C-1890C53BEED2}"
EndProject
Project("{9A19103F-16F7-4668-BE54-9A1E7A4F7556}") = "03.MaximumAndMinimumElement", "03.MaximumAndMinimumElement\03.MaximumAndMinimumElement.csproj", "{5CC637B5-747C-4831-B48D-9B20C57EBDD6}"
EndProject
Project("{9A19103F-16F7-4668-BE54-9A1E7A4F7556}") = "04.FastFood", "04.FastFood\04.FastFood.csproj", "{EBE69013-1E18-48E4-9298-E9A631D49259}"
EndProject
Project("{9A19103F-16F7-4668-BE54-9A1E7A4F7556}") = "05.FashionBoutique", "05.FashionBoutique\05.FashionBoutique.csproj", "{4A901278-E96C-443F-8778-8A2F70AB976E}"
EndProject
Project("{FAE04EC0-301F-11D3-BF4B-00C04F79EFBC}") = "06.SongsQueue", "06.SongsQueue\06.SongsQueue.csproj", "{0E9E39CB-DF65-4B21-AB9B-606368EB1777}"
EndProject
Project("{FAE04EC0-301F-11D3-BF4B-00C04F79EFBC}") = "07.TruckTour", "07.TruckTour\07.TruckTour.csproj", "{77449076-575B-4310-983F-03EDE3571617}"
EndProject
Project("{FAE04EC0-301F-11D3-BF4B-00C04F79EFBC}") = "08.BalancedParenthesis", "08.BalancedParenthesis\08.BalancedParenthesis.csproj", "{18D690E4-44C8-4A6A-AA2F-2DCC2322413F}"
EndProject
Global
	GlobalSection(SolutionConfigurationPlatforms) = preSolution
		Debug|Any CPU = Debug|Any CPU
		Debug|x64 = Debug|x64
		Debug|x86 = Debug|x86
		Release|Any CPU = Release|Any CPU
		Release|x64 = Release|x64
		Release|x86 = Release|x86
	EndGlobalSection
	GlobalSection(ProjectConfigurationPlatforms) = postSolution
		{A3364D1E-B22E-4C81-9FAE-3A63B8F718B9}.Debug|Any CPU.ActiveCfg = Debug|Any CPU
		{A3364D1E-B22E-4C81-9FAE-3A63B8F718B9}.Debug|Any CPU.Build.0 = Debug|Any CPU
		{A3364D1E-B22E-4C81-9FAE-3A63B8F718B9}.Debug|x64.ActiveCfg = Debug|Any CPU
		{A3364D1E-B22E-4C81-9FAE-3A63B8F718B9}.Debug|x64.Build.0 = Debug|Any CPU
		{A3364D1E-B22E-4C81-9FAE-3A63B8F718B9}.Debug|x86.ActiveCfg = Debug|Any CPU
		{A3364D1E-B22E-4C81-9FAE-3A63B8F718B9}.Debug|x86.Build.0 = Debug|Any CPU
		{A3364D1E-B22E-4C81-9FAE-3A63B8F718B9}.Release|Any CPU.ActiveCfg = Release|Any CPU
		{A3364D1E-B22E-4C81-9FAE-3A63B8F718B9}.Release|Any CPU.Build.0 = Release|Any CPU
		{A3364D1E-B22E-4C81-9FAE-3A63B8F718B9}.Release|x64.ActiveCfg = Release|Any CPU
		{A3364D1E-B22E-4C81-9FAE-3A63B8F718B9}.Release|x64.Build.0 = Release|Any CPU
		{A3364D1E-B22E-4C81-9FAE-3A63B8F718B9}.Release|x86.ActiveCfg = Release|Any CPU
		{A3364D1E-B22E-4C81-9FAE-3A63B8F718B9}.Release|x86.Build.0 = Release|Any CPU
		{545B2747-1B42-4F5F-9C2C-1890C53BEED2}.Debug|Any CPU.ActiveCfg = Debug|Any CPU
		{545B2747-1B42-4F5F-9C2C-1890C53BEED2}.Debug|Any CPU.Build.0 = Debug|Any CPU
		{545B2747-1B42-4F5F-9C2C-1890C53BEED2}.Debug|x64.ActiveCfg = Debug|Any CPU
		{545B2747-1B42-4F5F-9C2C-1890C53BEED2}.Debug|x64.Build.0 = Debug|Any CPU
		{545B2747-1B42-4F5F-9C2C-1890C53BEED2}.Debug|x86.ActiveCfg = Debug|Any CPU
		{545B2747-1B42-4F5F-9C2C-1890C53BEED2}.Debug|x86.Build.0 = Debug|Any CPU
		{545B2747-1B42-4F5F-9C2C-1890C53BEED2}.Release|Any CPU.ActiveCfg = Release|Any CPU
		{545B2747-1B42-4F5F-9C2C-1890C53BEED2}.Release|Any CPU.Build.0 = Release|Any CPU
		{545B2747-1B42-4F5F-9C2C-1890C53BEED2}.Release|x64.ActiveCfg = Release|Any CPU
		{545B2747-1B42-4F5F-9C2C-1890C53BEED2}.Release|x64.Build.0 = Release|Any CPU
		{545B2747-1B42-4F5F-9C2C-1890C53BEED2}.Release|x86.ActiveCfg = Release|Any CPU
		{545B2747-1B42-4F5F-9C2C-1890C53BEED2}.Release|x86.Build.0 = Release|Any CPU
		{5CC637B5-747C-4831-B48D-9B20C57EBDD6}.Debug|Any CPU.ActiveCfg = Debug|Any CPU
		{5CC637B5-747C-4831-B48D-9B20C57EBDD6}.Debug|Any CPU.Build.0 = Debug|Any CPU
		{5CC637B5-747C-4831-B48D-9B20C57EBDD6}.Debug|x64.ActiveCfg = Debug|Any CPU
		{5CC637B5-747C-4831-B48D-9B20C57EBDD6}.Debug|x64.Build.0 = Debug|Any CPU
		{5CC637B5-747C-4831-B48D-9B20C57EBDD6}.Debug|x86.ActiveCfg = Debug|Any CPU
		{5CC637B5-747C-4831-B48D-9B20C57EBDD6}.Debug|x86.Build.0 = Debug|Any CPU
		{5CC637B5-747C-4831-B48D-9B20C57EBDD6}.Release|Any CPU.ActiveCfg = Release|Any CPU
		{5CC637B5-747C-4831-B48D-9B20C57EBDD6}.Release|Any CPU.Build.0 = Release|Any CPU
		{5CC637B5-747C-4831-B48D-9B20C57EBDD6}.Release|x64.ActiveCfg = Release|Any CPU
		{5CC637B5-747C-4831-B48D-9B20C57EBDD6}.Release|x64.Build.0 = Release|Any CPU
		{5CC637B5-747C-4831-B48D-9B20C57EBDD6}.Release|x86.ActiveCfg = Release|Any CPU
		{5CC637B5-747C-4831-B48D-9B20C57EBDD6}.Release|x86.Build.0 = Release|Any CPU
		{EBE69013-1E18-48E4-9298-E9A631D49259}.Debug|Any CPU.ActiveCfg = Debug|Any CPU
		{EBE69013-1E18-48E4-9298-E9A631D49259}.Debug|Any CPU.Build.0 = Debug|Any CPU
		{EBE69013-1E18-48E4-9298-E9A631D49259}.Debug|x64.ActiveCfg = Debug|Any CPU
		{EBE69013-1E18-48E4-9298-E9A631D49259}.Debug|x64.Build.0 = Debug|Any CPU
		{EBE69013-1E18-48E4-9298-E9A631D49259}.Debug|x86.ActiveCfg = Debug|Any CPU
		{EBE69013-1E18-48E4-9298-E9A631D49259}.Debug|x86.Build.0 = Debug|Any CPU
		{EBE69013-1E18-48E4-9298-E9A631D49259}.Release|Any CPU.ActiveCfg = Release|Any CPU
		{EBE69013-1E18-48E4-9298-E9A631D49259}.Release|Any CPU.Build.0 = Release|Any CPU
		{EBE69013-1E18-48E4-9298-E9A631D49259}.Release|x64.ActiveCfg = Release|Any CPU
		{EBE69013-1E18-48E4-9298-E9A631D49259}.Release|x64.Build.0 = Release|Any CPU
		{EBE69013-1E18-48E4-9298-E9A631D49259}.Release|x86.ActiveCfg = Release|Any CPU
		{EBE69013-1E18-48E4-9298-E9A631D49259}.Release|x86.Build.0 = Release|Any CPU
		{4A901278-E96C-443F-8778-8A2F70AB976E}.Debug|Any CPU.ActiveCfg = Debug|Any CPU
		{4A901278-E96C-443F-8778-8A2F70AB976E}.Debug|Any CPU.Build.0 = Debug|Any CPU
		{4A901278-E96C-443F-8778-8A2F70AB976E}.Debug|x64.ActiveCfg = Debug|Any CPU
		{4A901278-E96C-443F-8778-8A2F70AB976E}.Debug|x64.Build.0 = Debug|Any CPU
		{4A901278-E96C-443F-8778-8A2F70AB976E}.Debug|x86.ActiveCfg = Debug|Any CPU
		{4A901278-E96C-443F-8778-8A2F70AB976E}.Debug|x86.Build.0 = Debug|Any CPU
		{4A901278-E96C-443F-8778-8A2F70AB976E}.Release|Any CPU.ActiveCfg = Release|Any CPU
		{4A901278-E96C-443F-8778-8A2F70AB976E}.Release|Any CPU.Build.0 = Release|Any CPU
		{4A901278-E96C-443F-8778-8A2F70AB976E}.Release|x64.ActiveCfg = Release|Any CPU
		{4A901278-E96C-443F-8778-8A2F70AB976E}.Release|x64.Build.0 = Release|Any CPU
		{4A901278-E96C-443F-8778-8A2F70AB976E}.Release|x86.ActiveCfg = Release|Any CPU
		{4A901278-E96C-443F-8778-8A2F70AB976E}.Release|x86.Build.0 = Release|Any CPU
		{0E9E39CB-DF65-4B21-AB9B-606368EB1777}.Debug|Any CPU.ActiveCfg = Debug|Any CPU
		{0E9E39CB-DF65-4B21-AB9B-606368EB1777}.Debug|Any CPU.Build.0 = Debug|Any CPU
		{0E9E39CB-DF65-4B21-AB9B-606368EB1777}.Debug|x64.ActiveCfg = Debug|Any CPU
		{0E9E39CB-DF65-4B21-AB9B-606368EB1777}.Debug|x64.Build.0 = Debug|Any CPU
		{0E9E39CB-DF65-4B21-AB9B-606368EB1777}.Debug|x86.ActiveCfg = Debug|Any CPU
		{0E9E39CB-DF65-4B21-AB9B-606368EB1777}.Debug|x86.Build.0 = Debug|Any CPU
		{0E9E39CB-DF65-4B21-AB9B-606368EB1777}.Release|Any CPU.ActiveCfg = Release|Any CPU
		{0E9E39CB-DF65-4B21-AB9B-606368EB1777}.Release|Any CPU.Build.0 = Release|Any CPU
		{0E9E39CB-DF65-4B21-AB9B-606368EB1777}.Release|x64.ActiveCfg = Release|Any CPU
		{0E9E39CB-DF65-4B21-AB9B-606368EB1777}.Release|x64.Build.0 = Release|Any CPU
		{0E9E39CB-DF65-4B21-AB9B-606368EB1777}.Release|x86.ActiveCfg = Release|Any CPU
		{0E9E39CB-DF65-4B21-AB9B-606368EB1777}.Release|x86.Build.0 = Release|Any CPU
		{77449076-575B-4310-983F-03EDE3571617}.Debug|Any CPU.ActiveCfg = Debug|Any CPU
		{77449076-575B-4310-983F-03EDE3571617}.Debug|Any CPU.Build.0 = Debug|Any CPU
		{77449076-575B-4310-983F-03EDE3571617}.Debug|x64.ActiveCfg = Debug|Any CPU
		{77449076-575B-4310-983F-03EDE3571617}.Debug|x64.Build.0 = Debug|Any CPU
		{77449076-575B-4310-983F-03EDE3571617}.Debug|x86.ActiveCfg = Debug|Any CPU
		{77449076-575B-4310-983F-03EDE3571617}.Debug|x86.Build.0 = Debug|Any CPU
		{77449076-575B-4310-983F-03EDE3571617}.Release|Any CPU.ActiveCfg = Release|Any CPU
		{77449076-575B-4310-983F-03EDE3571617}.Release|Any CPU.Build.0 = Release|Any CPU
		{77449076-575B-4310-983F-03EDE3571617}.Release|x64.ActiveCfg = Release|Any CPU
		{77449076-575B-4310-983F-03EDE3571617}.Release|x64.Build.0 = Release|Any CPU
		{77449076-575B-4310-983F-03EDE3571617}.Release|x86.ActiveCfg = Release|Any CPU
		{77449076-575B-4310-983F-03EDE3571617}.Release|x86.Build.0 = Release|Any CPU
		{18D690E4-44C8-4A6A-AA2F-2DCC2322413F}.Debug|Any CPU.ActiveCfg = Debug|Any CPU
		{18D690E4-44C8-4A6A-AA2F-2DCC2322413F}.Debug|Any CPU.Build.0 = Debug|Any CPU
		{18D690E4-44C8-4A6A-AA2F-2DCC2322413F}.Debug|x64.ActiveCfg = Debug|Any CPU
		{18D690E4-44C8-4A6A-AA2F-2DCC2322413F}.Debug|x64.Build.0 = Debug|Any CPU
		{18D690E4-44C8-4A6A-AA2F-2DCC2322413F}.Debug|x86.ActiveCfg = Debug|Any CPU
		{18D690E4-44C8-4A6A-AA2F-2DCC2322413F}.Debug|x86.Build.0 = Debug|Any CPU
		{18D690E4-44C8-4A6A-AA2F-2DCC2322413F}.Release|Any CPU.ActiveCfg = Release|Any CPU
		{18D690E4-44C8-4A6A-AA2F-2DCC2322413F}.Release|Any CPU.Build.0 = Release|Any CPU
		{18D690E4-44C8-4A6A-AA2F-2DCC2322413F}.Release|x64.ActiveCfg = Release|Any CPU
		{18D690E4-44C8-4A6A-AA2F-2DCC2322413F}.Release|x64.Build.0 = Release|Any CPU
		{18D690E4-44C8-4A6A-AA2F-2DCC2322413F}.Release|x86.ActiveCfg = Release|Any CPU
		{18D690E4-44C8-4A6A-AA2F-2DCC2322413F}.Release|x86.Build.0 = Release|Any CPU
	EndGlobalSection
	GlobalSection(SolutionProperties) = preSolution
		HideSolutionNode = FALSE
	EndGlobalSection
	GlobalSection(ExtensibilityGlobals) = postSolution
		SolutionGuid = {C81AA510-2F42-4FC6-A0DD-B0DA669BE2F5}
	EndGlobalSection
EndGlobal
