
Microsoft Visual Studio Solution File, Format Version 12.00
# Visual Studio Version 16
VisualStudioVersion = 16.0.30330.147
MinimumVisualStudioVersion = 10.0.40219.1
Project("{FAE04EC0-301F-11D3-BF4B-00C04F79EFBC}") = "01.Messaging", "01.Messaging\01.Messaging.csproj", "{80AD11D8-760A-4152-9A6B-97749BA26C62}"
EndProject
Project("{FAE04EC0-301F-11D3-BF4B-00C04F79EFBC}") = "02.CarRace", "02.CarRace\02.CarRace.csproj", "{0E8532EC-F07B-4F56-9611-8F886546E6C1}"
EndProject
Project("{FAE04EC0-301F-11D3-BF4B-00C04F79EFBC}") = "03.TakeSkipRope", "03.TakeSkipRope\03.TakeSkipRope.csproj", "{233DA645-2152-429C-9035-EFD084864AC3}"
EndProject
Project("{FAE04EC0-301F-11D3-BF4B-00C04F79EFBC}") = "04.MixedUpLists", "04.MixedUpLists\04.MixedUpLists.csproj", "{9C7D2568-C9E6-4A0F-934E-54B075B6E588}"
EndProject
Project("{FAE04EC0-301F-11D3-BF4B-00C04F79EFBC}") = "05.DrumSet", "05.DrumSet\05.DrumSet.csproj", "{AD23DEAF-FA67-4DBF-AD64-8331132B4A5D}"
EndProject
Global
	GlobalSection(SolutionConfigurationPlatforms) = preSolution
		Debug|Any CPU = Debug|Any CPU
		Release|Any CPU = Release|Any CPU
	EndGlobalSection
	GlobalSection(ProjectConfigurationPlatforms) = postSolution
		{80AD11D8-760A-4152-9A6B-97749BA26C62}.Debug|Any CPU.ActiveCfg = Debug|Any CPU
		{80AD11D8-760A-4152-9A6B-97749BA26C62}.Debug|Any CPU.Build.0 = Debug|Any CPU
		{80AD11D8-760A-4152-9A6B-97749BA26C62}.Release|Any CPU.ActiveCfg = Release|Any CPU
		{80AD11D8-760A-4152-9A6B-97749BA26C62}.Release|Any CPU.Build.0 = Release|Any CPU
		{0E8532EC-F07B-4F56-9611-8F886546E6C1}.Debug|Any CPU.ActiveCfg = Debug|Any CPU
		{0E8532EC-F07B-4F56-9611-8F886546E6C1}.Debug|Any CPU.Build.0 = Debug|Any CPU
		{0E8532EC-F07B-4F56-9611-8F886546E6C1}.Release|Any CPU.ActiveCfg = Release|Any CPU
		{0E8532EC-F07B-4F56-9611-8F886546E6C1}.Release|Any CPU.Build.0 = Release|Any CPU
		{233DA645-2152-429C-9035-EFD084864AC3}.Debug|Any CPU.ActiveCfg = Debug|Any CPU
		{233DA645-2152-429C-9035-EFD084864AC3}.Debug|Any CPU.Build.0 = Debug|Any CPU
		{233DA645-2152-429C-9035-EFD084864AC3}.Release|Any CPU.ActiveCfg = Release|Any CPU
		{233DA645-2152-429C-9035-EFD084864AC3}.Release|Any CPU.Build.0 = Release|Any CPU
		{9C7D2568-C9E6-4A0F-934E-54B075B6E588}.Debug|Any CPU.ActiveCfg = Debug|Any CPU
		{9C7D2568-C9E6-4A0F-934E-54B075B6E588}.Debug|Any CPU.Build.0 = Debug|Any CPU
		{9C7D2568-C9E6-4A0F-934E-54B075B6E588}.Release|Any CPU.ActiveCfg = Release|Any CPU
		{9C7D2568-C9E6-4A0F-934E-54B075B6E588}.Release|Any CPU.Build.0 = Release|Any CPU
		{AD23DEAF-FA67-4DBF-AD64-8331132B4A5D}.Debug|Any CPU.ActiveCfg = Debug|Any CPU
		{AD23DEAF-FA67-4DBF-AD64-8331132B4A5D}.Debug|Any CPU.Build.0 = Debug|Any CPU
		{AD23DEAF-FA67-4DBF-AD64-8331132B4A5D}.Release|Any CPU.ActiveCfg = Release|Any CPU
		{AD23DEAF-FA67-4DBF-AD64-8331132B4A5D}.Release|Any CPU.Build.0 = Release|Any CPU
	EndGlobalSection
	GlobalSection(SolutionProperties) = preSolution
		HideSolutionNode = FALSE
	EndGlobalSection
	GlobalSection(ExtensibilityGlobals) = postSolution
		SolutionGuid = {6ABFCB32-A8BC-4042-8F13-4F9C2829E73D}
	EndGlobalSection
EndGlobal
